{
    "_readme": [
        "This file locks the dependencies of your project to a known state",
        "Read more about it at https://getcomposer.org/doc/01-basic-usage.md#composer-lock-the-lock-file",
        "This file is @generated automatically"
    ],
    "hash": "953cee3d1b415a4729399c677a785fc7",
    "content-hash": "f76dd074876fd550a5cbf057f0678063",
    "packages": [
        {
            "name": "zetacomponents/base",
            "version": "1.9",
            "source": {
                "type": "git",
                "url": "https://github.com/zetacomponents/Base.git",
                "reference": "f20df24e8de3e48b6b69b2503f917e457281e687"
            },
            "dist": {
                "type": "zip",
                "url": "https://api.github.com/repos/zetacomponents/Base/zipball/f20df24e8de3e48b6b69b2503f917e457281e687",
                "reference": "f20df24e8de3e48b6b69b2503f917e457281e687",
                "shasum": ""
            },
            "require-dev": {
                "zetacomponents/unit-test": "*"
            },
            "type": "library",
            "autoload": {
                "classmap": [
                    "src"
                ]
            },
            "notification-url": "https://packagist.org/downloads/",
            "license": [
                "Apache-2.0"
            ],
            "authors": [
                {
                    "name": "Sergey Alexeev"
                },
                {
                    "name": "Sebastian Bergmann"
                },
                {
                    "name": "Jan Borsodi"
                },
                {
                    "name": "Raymond Bosman"
                },
                {
                    "name": "Frederik Holljen"
                },
                {
                    "name": "Kore Nordmann"
                },
                {
                    "name": "Derick Rethans"
                },
                {
                    "name": "Vadym Savchuk"
                },
                {
                    "name": "Tobias Schlitt"
                },
                {
                    "name": "Alexandru Stanoi"
                }
            ],
            "description": "The Base package provides the basic infrastructure that all packages rely on. Therefore every component relies on this package.",
            "homepage": "https://github.com/zetacomponents",
            "time": "2014-09-19 03:28:34"
        },
        {
            "name": "zetacomponents/graph",
            "version": "1.5.2",
            "source": {
                "type": "git",
                "url": "https://github.com/zetacomponents/Graph.git",
                "reference": "7efda09f967b92fe38a1fbf0c2090fc4fedb0c73"
            },
            "dist": {
                "type": "tar",
                "url": "https://buildpackages.kajona.de:5443//dist/zetacomponents-graph-7efda09f967b92fe38a1fbf0c2090fc4fedb0c73-zip-008c24.tar",
                "reference": "7efda09f967b92fe38a1fbf0c2090fc4fedb0c73",
                "shasum": "41d8e23d51f9a6e6b62391ea37ad0130038be7dd"
            },
            "require": {
                "zetacomponents/base": "~1.8"
            },
            "require-dev": {
                "zetacomponents/unit-test": "*"
            },
            "type": "library",
            "autoload": {
                "classmap": [
                    "src"
                ]
            },
            "license": [
                "Apache-2.0"
            ],
            "authors": [
                {
                    "name": "Sergey Alexeev"
                },
                {
                    "name": "Sebastian Bergmann"
                },
                {
                    "name": "Jan Borsodi"
                },
                {
                    "name": "Raymond Bosman"
                },
                {
                    "name": "Frederik Holljen"
                },
                {
                    "name": "Kore Nordmann"
                },
                {
                    "name": "Derick Rethans"
                },
                {
                    "name": "Vadym Savchuk"
                },
                {
                    "name": "Tobias Schlitt"
                },
                {
                    "name": "Alexandru Stanoi"
                },
                {
                    "name": "Lars Jankowski"
                },
                {
                    "name": "Elger Thiele"
                },
                {
                    "name": "Michael Maclean"
                }
            ],
            "description": "A component for creating pie charts, line graphs and other kinds of diagrams.",
            "homepage": "https://github.com/zetacomponents",
            "support": {
                "source": "https://github.com/zetacomponents/Graph/tree/1.5.2",
                "issues": "https://github.com/zetacomponents/Graph/issues"
            },
            "time": "2014-09-19 03:28:59"
        }
    ],
    "packages-dev": [],
    "aliases": [],
    "minimum-stability": "stable",
    "stability-flags": [],
    "prefer-stable": false,
    "prefer-lowest": false,
    "platform": [],
    "platform-dev": []
}
