{
    "_readme": [
        "This file locks the dependencies of your project to a known state",
        "Read more about it at https://getcomposer.org/doc/01-basic-usage.md#composer-lock-the-lock-file",
        "This file is @generated automatically"
    ],
    "hash": "984ada1c418dcc357d5085cda524bf89",
    "packages": [
        {
            "name": "garetjax/phpbrowscap",
            "version": "2.0",
            "source": {
                "type": "git",
                "url": "https://github.com/GaretJax/phpbrowscap.git",
                "reference": "ed661716d0d9158bac6ab3b074b18b70f8d18bef"
            },
            "dist": {
                "type": "zip",
                "url": "https://api.github.com/repos/GaretJax/phpbrowscap/zipball/ed661716d0d9158bac6ab3b074b18b70f8d18bef",
                "reference": "ed661716d0d9158bac6ab3b074b18b70f8d18bef",
                "shasum": ""
            },
            "require": {
                "php": ">=5.3.0"
            },
            "type": "library",
            "autoload": {
                "psr-0": {
                    "phpbrowscap": "src/"
                }
            },
            "notification-url": "https://packagist.org/downloads/",
            "license": [
                "MIT License"
            ],
            "authors": [
                {
                    "name": "Jonathan Stoppani",
                    "email": "jonathan.stoppani@gmail.com"
                }
            ],
            "description": "Standalone replacement for php's native get_browser() function",
            "homepage": "http://github.com/GaretJax/phpbrowscap",
            "keywords": [
                "browser",
                "capabilities",
                "get_browser",
                "user agent"
            ],
            "time": "2014-02-04 09:18:51"
        }
    ],
    "packages-dev": [],
    "aliases": [],
    "minimum-stability": "stable",
    "stability-flags": [],
    "prefer-stable": false,
    "prefer-lowest": false,
    "platform": [],
    "platform-dev": []
}
