{
    "_readme": [
        "This file locks the dependencies of your project to a known state",
        "Read more about it at https://getcomposer.org/doc/01-basic-usage.md#composer-lock-the-lock-file",
        "This file is @generated automatically"
    ],
    "hash": "b92085740f7373b3fa21978e1405dad4",
    "content-hash": "9c99a14300fe378a94bd84126f7bfe83",
    "packages": [
        {
            "name": "beberlei/assert",
            "version": "v2.7.2",
            "source": {
                "type": "git",
                "url": "https://github.com/beberlei/assert.git",
                "reference": "412ca7cbd1c726d3d770f6af20aeed1089de296f"
            },
            "dist": {
                "type": "zip",
                "url": "https://api.github.com/repos/beberlei/assert/zipball/412ca7cbd1c726d3d770f6af20aeed1089de296f",
                "reference": "412ca7cbd1c726d3d770f6af20aeed1089de296f",
                "shasum": ""
            },
            "require": {
                "ext-mbstring": "*",
                "php": ">=5.3"
            },
            "require-dev": {
                "friendsofphp/php-cs-fixer": "^2.0",
                "phpunit/phpunit": "@stable"
            },
            "type": "library",
            "autoload": {
                "psr-4": {
                    "Assert\\": "lib/Assert"
                },
                "files": [
                    "lib/Assert/functions.php"
                ]
            },
            "notification-url": "https://packagist.org/downloads/",
            "license": [
                "BSD-2-Clause"
            ],
            "authors": [
                {
                    "name": "Benjamin Eberlei",
                    "email": "kontakt@beberlei.de",
                    "role": "Lead Developer"
                },
                {
                    "name": "Richard Quadling",
                    "email": "rquadling@gmail.com",
                    "role": "Collaborator"
                }
            ],
            "description": "Thin assertion library for input validation in business models.",
            "keywords": [
                "assert",
                "assertion",
                "validation"
            ],
            "time": "2017-01-09 09:19:50"
        },
        {
            "name": "container-interop/container-interop",
            "version": "1.1.0",
            "source": {
                "type": "git",
                "url": "https://github.com/container-interop/container-interop.git",
                "reference": "fc08354828f8fd3245f77a66b9e23a6bca48297e"
            },
            "dist": {
                "type": "zip",
                "url": "https://api.github.com/repos/container-interop/container-interop/zipball/fc08354828f8fd3245f77a66b9e23a6bca48297e",
                "reference": "fc08354828f8fd3245f77a66b9e23a6bca48297e",
                "shasum": ""
            },
            "type": "library",
            "autoload": {
                "psr-4": {
                    "Interop\\Container\\": "src/Interop/Container/"
                }
            },
            "notification-url": "https://packagist.org/downloads/",
            "license": [
                "MIT"
            ],
            "description": "Promoting the interoperability of container objects (DIC, SL, etc.)",
            "time": "2014-12-30 15:22:37"
        },
        {
            "name": "doctrine/annotations",
            "version": "v1.3.1",
            "source": {
                "type": "git",
                "url": "https://github.com/doctrine/annotations.git",
                "reference": "bd4461328621bde0ae6b1b2675fbc6aca4ceb558"
            },
            "dist": {
                "type": "zip",
                "url": "https://api.github.com/repos/doctrine/annotations/zipball/bd4461328621bde0ae6b1b2675fbc6aca4ceb558",
                "reference": "bd4461328621bde0ae6b1b2675fbc6aca4ceb558",
                "shasum": ""
            },
            "require": {
                "doctrine/lexer": "1.*",
                "php": "^5.6 || ^7.0"
            },
            "require-dev": {
                "doctrine/cache": "1.*",
                "phpunit/phpunit": "^5.6.1"
            },
            "type": "library",
            "extra": {
                "branch-alias": {
                    "dev-master": "1.4.x-dev"
                }
            },
            "autoload": {
                "psr-4": {
                    "Doctrine\\Common\\Annotations\\": "lib/Doctrine/Common/Annotations"
                }
            },
            "notification-url": "https://packagist.org/downloads/",
            "license": [
                "MIT"
            ],
            "authors": [
                {
                    "name": "Roman Borschel",
                    "email": "roman@code-factory.org"
                },
                {
                    "name": "Benjamin Eberlei",
                    "email": "kontakt@beberlei.de"
                },
                {
                    "name": "Guilherme Blanco",
                    "email": "guilhermeblanco@gmail.com"
                },
                {
                    "name": "Jonathan Wage",
                    "email": "jonwage@gmail.com"
                },
                {
                    "name": "Johannes Schmitt",
                    "email": "schmittjoh@gmail.com"
                }
            ],
            "description": "Docblock Annotations Parser",
            "homepage": "http://www.doctrine-project.org",
            "keywords": [
                "annotations",
                "docblock",
                "parser"
            ],
            "time": "2016-12-30 15:59:45"
        },
        {
            "name": "doctrine/lexer",
            "version": "v1.0.1",
            "source": {
                "type": "git",
                "url": "https://github.com/doctrine/lexer.git",
                "reference": "83893c552fd2045dd78aef794c31e694c37c0b8c"
            },
            "dist": {
                "type": "zip",
                "url": "https://api.github.com/repos/doctrine/lexer/zipball/83893c552fd2045dd78aef794c31e694c37c0b8c",
                "reference": "83893c552fd2045dd78aef794c31e694c37c0b8c",
                "shasum": ""
            },
            "require": {
                "php": ">=5.3.2"
            },
            "type": "library",
            "extra": {
                "branch-alias": {
                    "dev-master": "1.0.x-dev"
                }
            },
            "autoload": {
                "psr-0": {
                    "Doctrine\\Common\\Lexer\\": "lib/"
                }
            },
            "notification-url": "https://packagist.org/downloads/",
            "license": [
                "MIT"
            ],
            "authors": [
                {
                    "name": "Roman Borschel",
                    "email": "roman@code-factory.org"
                },
                {
                    "name": "Guilherme Blanco",
                    "email": "guilhermeblanco@gmail.com"
                },
                {
                    "name": "Johannes Schmitt",
                    "email": "schmittjoh@gmail.com"
                }
            ],
            "description": "Base library for a lexer that can be used in Top-Down, Recursive Descent Parsers.",
            "homepage": "http://www.doctrine-project.org",
            "keywords": [
                "lexer",
                "parser"
            ],
            "time": "2014-09-09 13:34:57"
        },
        {
            "name": "lstrojny/functional-php",
            "version": "1.4.0",
            "source": {
                "type": "git",
                "url": "https://github.com/lstrojny/functional-php.git",
                "reference": "c2831c48f0cdad1f82b2f735ef417210c1e9490a"
            },
            "dist": {
                "type": "zip",
                "url": "https://api.github.com/repos/lstrojny/functional-php/zipball/c2831c48f0cdad1f82b2f735ef417210c1e9490a",
                "reference": "c2831c48f0cdad1f82b2f735ef417210c1e9490a",
                "shasum": ""
            },
            "require": {
                "php": ">=5.6.0"
            },
            "require-dev": {
                "phpunit/phpunit": ">=5.4"
            },
            "type": "library",
            "extra": {
                "branch-alias": {
                    "dev-master": "1.2-dev"
                }
            },
            "autoload": {
                "psr-4": {
                    "Functional\\": "src/Functional"
                },
                "files": [
                    "src/Functional/Average.php",
                    "src/Functional/Capture.php",
                    "src/Functional/ConstFunction.php",
                    "src/Functional/CompareOn.php",
                    "src/Functional/CompareObjectHashOn.php",
                    "src/Functional/Compose.php",
                    "src/Functional/Contains.php",
                    "src/Functional/Curry.php",
                    "src/Functional/CurryN.php",
                    "src/Functional/Difference.php",
                    "src/Functional/DropFirst.php",
                    "src/Functional/DropLast.php",
                    "src/Functional/Each.php",
                    "src/Functional/ErrorToException.php",
                    "src/Functional/Every.php",
                    "src/Functional/False.php",
                    "src/Functional/Falsy.php",
                    "src/Functional/Filter.php",
                    "src/Functional/First.php",
                    "src/Functional/FirstIndexOf.php",
                    "src/Functional/FlatMap.php",
                    "src/Functional/Flatten.php",
                    "src/Functional/Group.php",
                    "src/Functional/Head.php",
                    "src/Functional/Id.php",
                    "src/Functional/IndexesOf.php",
                    "src/Functional/Invoke.php",
                    "src/Functional/InvokeFirst.php",
                    "src/Functional/InvokeIf.php",
                    "src/Functional/InvokeLast.php",
                    "src/Functional/Invoker.php",
                    "src/Functional/Last.php",
                    "src/Functional/LastIndexOf.php",
                    "src/Functional/Map.php",
                    "src/Functional/Maximum.php",
                    "src/Functional/Memoize.php",
                    "src/Functional/Minimum.php",
                    "src/Functional/None.php",
                    "src/Functional/PartialAny.php",
                    "src/Functional/PartialLeft.php",
                    "src/Functional/PartialMethod.php",
                    "src/Functional/PartialRight.php",
                    "src/Functional/Partition.php",
                    "src/Functional/Pick.php",
                    "src/Functional/Pluck.php",
                    "src/Functional/Poll.php",
                    "src/Functional/Product.php",
                    "src/Functional/Ratio.php",
                    "src/Functional/ReduceLeft.php",
                    "src/Functional/ReduceRight.php",
                    "src/Functional/Reindex.php",
                    "src/Functional/Reject.php",
                    "src/Functional/Retry.php",
                    "src/Functional/Select.php",
                    "src/Functional/SequenceConstant.php",
                    "src/Functional/SequenceExponential.php",
                    "src/Functional/SequenceLinear.php",
                    "src/Functional/Some.php",
                    "src/Functional/Sort.php",
                    "src/Functional/Sum.php",
                    "src/Functional/SuppressError.php",
                    "src/Functional/Tail.php",
                    "src/Functional/True.php",
                    "src/Functional/Truthy.php",
                    "src/Functional/Unique.php",
                    "src/Functional/With.php",
                    "src/Functional/Zip.php"
                ]
            },
            "notification-url": "https://packagist.org/downloads/",
            "license": [
                "MIT"
            ],
            "authors": [
                {
                    "name": "Lars Strojny",
                    "email": "lstrojny@php.net",
                    "homepage": "http://usrportage.de"
                },
                {
                    "name": "Max Beutel",
                    "email": "nash12@gmail.com"
                }
            ],
            "description": "Functional primitives for PHP",
            "keywords": [
                "functional"
            ],
            "time": "2016-10-31 22:21:42"
        },
        {
            "name": "phpbench/container",
            "version": "1.0",
            "source": {
                "type": "git",
                "url": "https://github.com/phpbench/container.git",
                "reference": "9aa5a3ff6d950921d0a079a0841e161397d4a5fa"
            },
            "dist": {
                "type": "zip",
                "url": "https://api.github.com/repos/phpbench/container/zipball/9aa5a3ff6d950921d0a079a0841e161397d4a5fa",
                "reference": "9aa5a3ff6d950921d0a079a0841e161397d4a5fa",
                "shasum": ""
            },
            "require": {
                "container-interop/container-interop": "^1.1"
            },
            "type": "library",
            "extra": {
                "branch-alias": {
                    "dev-master": "1.0-dev"
                }
            },
            "autoload": {
                "psr-4": {
                    "PhpBench\\DependencyInjection\\": "lib/"
                }
            },
            "notification-url": "https://packagist.org/downloads/",
            "license": [
                "MIT"
            ],
            "authors": [
                {
                    "name": "Daniel Leech",
                    "email": "daniel@dantleech.com"
                }
            ],
            "description": "Simple, configurable, service container.",
            "time": "2016-09-17 08:28:42"
        },
        {
            "name": "phpbench/dom",
            "version": "0.2.0",
            "source": {
                "type": "git",
                "url": "https://github.com/phpbench/dom.git",
                "reference": "b135378dd0004c05ba5446aeddaf0b83339c1c4c"
            },
            "dist": {
                "type": "zip",
                "url": "https://api.github.com/repos/phpbench/dom/zipball/b135378dd0004c05ba5446aeddaf0b83339c1c4c",
                "reference": "b135378dd0004c05ba5446aeddaf0b83339c1c4c",
                "shasum": ""
            },
            "require": {
                "ext-dom": "*",
                "php": "^5.4|^7.0"
            },
            "require-dev": {
                "phpunit/phpunit": "^4.6"
            },
            "type": "library",
            "extra": {
                "branch-alias": {
                    "dev-master": "1.0-dev"
                }
            },
            "autoload": {
                "psr-4": {
                    "PhpBench\\Dom\\": "lib/"
                }
            },
            "notification-url": "https://packagist.org/downloads/",
            "license": [
                "MIT"
            ],
            "authors": [
                {
                    "name": "Daniel Leech",
                    "email": "daniel@dantleech.com"
                }
            ],
            "description": "DOM wrapper to simplify working with the PHP DOM implementation",
            "time": "2016-02-27 12:15:56"
        },
        {
            "name": "phpbench/phpbench",
            "version": "0.13.0",
            "source": {
                "type": "git",
                "url": "https://github.com/phpbench/phpbench.git",
                "reference": "0dab4d0b6a699c27105d677398b2ea8046706292"
            },
            "dist": {
                "type": "zip",
                "url": "https://api.github.com/repos/phpbench/phpbench/zipball/0dab4d0b6a699c27105d677398b2ea8046706292",
                "reference": "0dab4d0b6a699c27105d677398b2ea8046706292",
                "shasum": ""
            },
            "require": {
                "beberlei/assert": "^2.4",
                "doctrine/annotations": "^1.2.7",
                "ext-dom": "*",
                "ext-json": "*",
                "ext-pcre": "*",
                "ext-reflection": "*",
                "ext-spl": "*",
                "lstrojny/functional-php": "1.0|^1.2.3",
                "php": "^5.6|^7.0",
                "phpbench/container": "~1.0",
                "phpbench/dom": "~0.2.0",
                "seld/jsonlint": "^1.0",
                "symfony/console": "^2.4|^3.0",
                "symfony/debug": "^2.4|^3.0",
                "symfony/filesystem": "^2.4|^3.0",
                "symfony/finder": "^2.4|^3.0",
                "symfony/options-resolver": "^2.6|^3.0",
                "symfony/process": "^2.1|^3.0"
            },
            "require-dev": {
                "doctrine/dbal": "^2.4",
                "liip/rmt": "^1.2",
                "padraic/phar-updater": "^1.0",
                "phpunit/phpunit": "^4.6"
            },
            "bin": [
                "bin/phpbench"
            ],
            "type": "library",
            "extra": {
                "branch-alias": {
                    "dev-master": "1.0-dev"
                }
            },
            "autoload": {
                "psr-4": {
                    "PhpBench\\": "lib/",
                    "PhpBench\\Extensions\\Dbal\\": "extensions/dbal/lib/",
                    "PhpBench\\Extensions\\XDebug\\": "extensions/xdebug/lib/"
                }
            },
            "notification-url": "https://packagist.org/downloads/",
            "license": [
                "MIT"
            ],
            "authors": [
                {
                    "name": "Daniel Leech",
                    "email": "daniel@dantleech.com"
                }
            ],
            "description": "PHP Benchmarking Framework",
            "time": "2016-11-20 22:04:57"
        },
        {
            "name": "psr/log",
            "version": "1.0.2",
            "source": {
                "type": "git",
                "url": "https://github.com/php-fig/log.git",
                "reference": "4ebe3a8bf773a19edfe0a84b6585ba3d401b724d"
            },
            "dist": {
                "type": "zip",
                "url": "https://api.github.com/repos/php-fig/log/zipball/4ebe3a8bf773a19edfe0a84b6585ba3d401b724d",
                "reference": "4ebe3a8bf773a19edfe0a84b6585ba3d401b724d",
                "shasum": ""
            },
            "require": {
                "php": ">=5.3.0"
            },
            "type": "library",
            "extra": {
                "branch-alias": {
                    "dev-master": "1.0.x-dev"
                }
            },
            "autoload": {
                "psr-4": {
                    "Psr\\Log\\": "Psr/Log/"
                }
            },
            "notification-url": "https://packagist.org/downloads/",
            "license": [
                "MIT"
            ],
            "authors": [
                {
                    "name": "PHP-FIG",
                    "homepage": "http://www.php-fig.org/"
                }
            ],
            "description": "Common interface for logging libraries",
            "homepage": "https://github.com/php-fig/log",
            "keywords": [
                "log",
                "psr",
                "psr-3"
            ],
            "time": "2016-10-10 12:19:37"
        },
        {
            "name": "seld/jsonlint",
            "version": "1.5.0",
            "source": {
                "type": "git",
                "url": "https://github.com/Seldaek/jsonlint.git",
                "reference": "19495c181d6d53a0a13414154e52817e3b504189"
            },
            "dist": {
                "type": "zip",
                "url": "https://api.github.com/repos/Seldaek/jsonlint/zipball/19495c181d6d53a0a13414154e52817e3b504189",
                "reference": "19495c181d6d53a0a13414154e52817e3b504189",
                "shasum": ""
            },
            "require": {
                "php": "^5.3 || ^7.0"
            },
            "bin": [
                "bin/jsonlint"
            ],
            "type": "library",
            "autoload": {
                "psr-4": {
                    "Seld\\JsonLint\\": "src/Seld/JsonLint/"
                }
            },
            "notification-url": "https://packagist.org/downloads/",
            "license": [
                "MIT"
            ],
            "authors": [
                {
                    "name": "Jordi Boggiano",
                    "email": "j.boggiano@seld.be",
                    "homepage": "http://seld.be"
                }
            ],
            "description": "JSON Linter",
            "keywords": [
                "json",
                "linter",
                "parser",
                "validator"
            ],
            "time": "2016-11-14 17:59:58"
        },
        {
            "name": "symfony/console",
            "version": "v3.2.2",
            "source": {
                "type": "git",
                "url": "https://github.com/symfony/console.git",
                "reference": "4f9e449e76996adf310498a8ca955c6deebe29dd"
            },
            "dist": {
                "type": "zip",
                "url": "https://api.github.com/repos/symfony/console/zipball/4f9e449e76996adf310498a8ca955c6deebe29dd",
                "reference": "4f9e449e76996adf310498a8ca955c6deebe29dd",
                "shasum": ""
            },
            "require": {
                "php": ">=5.5.9",
                "symfony/debug": "~2.8|~3.0",
                "symfony/polyfill-mbstring": "~1.0"
            },
            "require-dev": {
                "psr/log": "~1.0",
                "symfony/event-dispatcher": "~2.8|~3.0",
                "symfony/filesystem": "~2.8|~3.0",
                "symfony/process": "~2.8|~3.0"
            },
            "suggest": {
                "psr/log": "For using the console logger",
                "symfony/event-dispatcher": "",
                "symfony/filesystem": "",
                "symfony/process": ""
            },
            "type": "library",
            "extra": {
                "branch-alias": {
                    "dev-master": "3.2-dev"
                }
            },
            "autoload": {
                "psr-4": {
                    "Symfony\\Component\\Console\\": ""
                },
                "exclude-from-classmap": [
                    "/Tests/"
                ]
            },
            "notification-url": "https://packagist.org/downloads/",
            "license": [
                "MIT"
            ],
            "authors": [
                {
                    "name": "Fabien Potencier",
                    "email": "fabien@symfony.com"
                },
                {
                    "name": "Symfony Community",
                    "homepage": "https://symfony.com/contributors"
                }
            ],
            "description": "Symfony Console Component",
            "homepage": "https://symfony.com",
            "time": "2017-01-08 20:47:33"
        },
        {
            "name": "symfony/debug",
            "version": "v3.2.2",
            "source": {
                "type": "git",
                "url": "https://github.com/symfony/debug.git",
                "reference": "810ba5c1c5352a4ddb15d4719e8936751dff0b05"
            },
            "dist": {
                "type": "zip",
                "url": "https://api.github.com/repos/symfony/debug/zipball/810ba5c1c5352a4ddb15d4719e8936751dff0b05",
                "reference": "810ba5c1c5352a4ddb15d4719e8936751dff0b05",
                "shasum": ""
            },
            "require": {
                "php": ">=5.5.9",
                "psr/log": "~1.0"
            },
            "conflict": {
                "symfony/http-kernel": ">=2.3,<2.3.24|~2.4.0|>=2.5,<2.5.9|>=2.6,<2.6.2"
            },
            "require-dev": {
                "symfony/class-loader": "~2.8|~3.0",
                "symfony/http-kernel": "~2.8|~3.0"
            },
            "type": "library",
            "extra": {
                "branch-alias": {
                    "dev-master": "3.2-dev"
                }
            },
            "autoload": {
                "psr-4": {
                    "Symfony\\Component\\Debug\\": ""
                },
                "exclude-from-classmap": [
                    "/Tests/"
                ]
            },
            "notification-url": "https://packagist.org/downloads/",
            "license": [
                "MIT"
            ],
            "authors": [
                {
                    "name": "Fabien Potencier",
                    "email": "fabien@symfony.com"
                },
                {
                    "name": "Symfony Community",
                    "homepage": "https://symfony.com/contributors"
                }
            ],
            "description": "Symfony Debug Component",
            "homepage": "https://symfony.com",
            "time": "2017-01-02 20:32:22"
        },
        {
            "name": "symfony/filesystem",
            "version": "v3.2.2",
            "source": {
                "type": "git",
                "url": "https://github.com/symfony/filesystem.git",
                "reference": "a0c6ef2dc78d33b58d91d3a49f49797a184d06f4"
            },
            "dist": {
                "type": "zip",
                "url": "https://api.github.com/repos/symfony/filesystem/zipball/a0c6ef2dc78d33b58d91d3a49f49797a184d06f4",
                "reference": "a0c6ef2dc78d33b58d91d3a49f49797a184d06f4",
                "shasum": ""
            },
            "require": {
                "php": ">=5.5.9"
            },
            "type": "library",
            "extra": {
                "branch-alias": {
                    "dev-master": "3.2-dev"
                }
            },
            "autoload": {
                "psr-4": {
                    "Symfony\\Component\\Filesystem\\": ""
                },
                "exclude-from-classmap": [
                    "/Tests/"
                ]
            },
            "notification-url": "https://packagist.org/downloads/",
            "license": [
                "MIT"
            ],
            "authors": [
                {
                    "name": "Fabien Potencier",
                    "email": "fabien@symfony.com"
                },
                {
                    "name": "Symfony Community",
                    "homepage": "https://symfony.com/contributors"
                }
            ],
            "description": "Symfony Filesystem Component",
            "homepage": "https://symfony.com",
            "time": "2017-01-08 20:47:33"
        },
        {
            "name": "symfony/finder",
            "version": "v3.2.2",
            "source": {
                "type": "git",
                "url": "https://github.com/symfony/finder.git",
                "reference": "8c71141cae8e2957946b403cc71a67213c0380d6"
            },
            "dist": {
                "type": "zip",
                "url": "https://api.github.com/repos/symfony/finder/zipball/8c71141cae8e2957946b403cc71a67213c0380d6",
                "reference": "8c71141cae8e2957946b403cc71a67213c0380d6",
                "shasum": ""
            },
            "require": {
                "php": ">=5.5.9"
            },
            "type": "library",
            "extra": {
                "branch-alias": {
                    "dev-master": "3.2-dev"
                }
            },
            "autoload": {
                "psr-4": {
                    "Symfony\\Component\\Finder\\": ""
                },
                "exclude-from-classmap": [
                    "/Tests/"
                ]
            },
            "notification-url": "https://packagist.org/downloads/",
            "license": [
                "MIT"
            ],
            "authors": [
                {
                    "name": "Fabien Potencier",
                    "email": "fabien@symfony.com"
                },
                {
                    "name": "Symfony Community",
                    "homepage": "https://symfony.com/contributors"
                }
            ],
            "description": "Symfony Finder Component",
            "homepage": "https://symfony.com",
            "time": "2017-01-02 20:32:22"
        },
        {
            "name": "symfony/options-resolver",
            "version": "v3.2.2",
            "source": {
                "type": "git",
                "url": "https://github.com/symfony/options-resolver.git",
                "reference": "855429e3e9014b9dafee2a667de304c3aaa86fe6"
            },
            "dist": {
                "type": "zip",
                "url": "https://api.github.com/repos/symfony/options-resolver/zipball/855429e3e9014b9dafee2a667de304c3aaa86fe6",
                "reference": "855429e3e9014b9dafee2a667de304c3aaa86fe6",
                "shasum": ""
            },
            "require": {
                "php": ">=5.5.9"
            },
            "type": "library",
            "extra": {
                "branch-alias": {
                    "dev-master": "3.2-dev"
                }
            },
            "autoload": {
                "psr-4": {
                    "Symfony\\Component\\OptionsResolver\\": ""
                },
                "exclude-from-classmap": [
                    "/Tests/"
                ]
            },
            "notification-url": "https://packagist.org/downloads/",
            "license": [
                "MIT"
            ],
            "authors": [
                {
                    "name": "Fabien Potencier",
                    "email": "fabien@symfony.com"
                },
                {
                    "name": "Symfony Community",
                    "homepage": "https://symfony.com/contributors"
                }
            ],
            "description": "Symfony OptionsResolver Component",
            "homepage": "https://symfony.com",
            "keywords": [
                "config",
                "configuration",
                "options"
            ],
            "time": "2017-01-02 20:32:22"
        },
        {
            "name": "symfony/polyfill-mbstring",
            "version": "v1.3.0",
            "source": {
                "type": "git",
                "url": "https://github.com/symfony/polyfill-mbstring.git",
                "reference": "e79d363049d1c2128f133a2667e4f4190904f7f4"
            },
            "dist": {
                "type": "zip",
                "url": "https://api.github.com/repos/symfony/polyfill-mbstring/zipball/e79d363049d1c2128f133a2667e4f4190904f7f4",
                "reference": "e79d363049d1c2128f133a2667e4f4190904f7f4",
                "shasum": ""
            },
            "require": {
                "php": ">=5.3.3"
            },
            "suggest": {
                "ext-mbstring": "For best performance"
            },
            "type": "library",
            "extra": {
                "branch-alias": {
                    "dev-master": "1.3-dev"
                }
            },
            "autoload": {
                "psr-4": {
                    "Symfony\\Polyfill\\Mbstring\\": ""
                },
                "files": [
                    "bootstrap.php"
                ]
            },
            "notification-url": "https://packagist.org/downloads/",
            "license": [
                "MIT"
            ],
            "authors": [
                {
                    "name": "Nicolas Grekas",
                    "email": "p@tchwork.com"
                },
                {
                    "name": "Symfony Community",
                    "homepage": "https://symfony.com/contributors"
                }
            ],
            "description": "Symfony polyfill for the Mbstring extension",
            "homepage": "https://symfony.com",
            "keywords": [
                "compatibility",
                "mbstring",
                "polyfill",
                "portable",
                "shim"
            ],
            "time": "2016-11-14 01:06:16"
        },
        {
            "name": "symfony/process",
            "version": "v3.2.2",
            "source": {
                "type": "git",
                "url": "https://github.com/symfony/process.git",
                "reference": "350e810019fc52dd06ae844b6a6d382f8a0e8893"
            },
            "dist": {
                "type": "zip",
                "url": "https://api.github.com/repos/symfony/process/zipball/350e810019fc52dd06ae844b6a6d382f8a0e8893",
                "reference": "350e810019fc52dd06ae844b6a6d382f8a0e8893",
                "shasum": ""
            },
            "require": {
                "php": ">=5.5.9"
            },
            "type": "library",
            "extra": {
                "branch-alias": {
                    "dev-master": "3.2-dev"
                }
            },
            "autoload": {
                "psr-4": {
                    "Symfony\\Component\\Process\\": ""
                },
                "exclude-from-classmap": [
                    "/Tests/"
                ]
            },
            "notification-url": "https://packagist.org/downloads/",
            "license": [
                "MIT"
            ],
            "authors": [
                {
                    "name": "Fabien Potencier",
                    "email": "fabien@symfony.com"
                },
                {
                    "name": "Symfony Community",
                    "homepage": "https://symfony.com/contributors"
                }
            ],
            "description": "Symfony Process Component",
            "homepage": "https://symfony.com",
            "time": "2017-01-02 20:32:22"
        }
    ],
    "packages-dev": [],
    "aliases": [],
    "minimum-stability": "stable",
    "stability-flags": [],
    "prefer-stable": false,
    "prefer-lowest": false,
    "platform": [],
    "platform-dev": []
}
