{
    "_readme": [
        "This file locks the dependencies of your project to a known state",
        "Read more about it at https://getcomposer.org/doc/01-basic-usage.md#composer-lock-the-lock-file",
        "This file is @generated automatically"
    ],
    "hash": "8892ca6129e958e500970be8ffd9768e",
    "content-hash": "2acf88908e89dcc0e610ebc7ebc8509f",
    "packages": [
        {
            "name": "garetjax/phpbrowscap",
            "version": "2.0",
            "source": {
                "type": "git",
                "url": "https://github.com/GaretJax/phpbrowscap.git",
                "reference": "ed661716d0d9158bac6ab3b074b18b70f8d18bef"
            },
            "dist": {
                "type": "tar",
                "url": "https://buildpackages.kajona.de:5443//dist/garetjax-phpbrowscap-ed661716d0d9158bac6ab3b074b18b70f8d18bef-zip-5f9fa6.tar",
                "reference": "ed661716d0d9158bac6ab3b074b18b70f8d18bef",
                "shasum": "a11d8cb33b887d2d284893426f932b7584077aae"
            },
            "require": {
                "php": ">=5.3.0"
            },
            "type": "library",
            "autoload": {
                "psr-0": {
                    "phpbrowscap": "src/"
                }
            },
            "license": [
                "MIT License"
            ],
            "authors": [
                {
                    "name": "Jonathan Stoppani",
                    "email": "jonathan.stoppani@gmail.com"
                }
            ],
            "description": "Standalone replacement for php's native get_browser() function",
            "homepage": "http://github.com/GaretJax/phpbrowscap",
            "keywords": [
                "browser",
                "capabilities",
                "get_browser",
                "user agent"
            ],
            "support": {
                "source": "https://github.com/GaretJax/phpbrowscap/tree/2.0",
                "issues": "https://github.com/GaretJax/phpbrowscap/issues"
            },
            "time": "2014-02-04 09:18:51"
        }
    ],
    "packages-dev": [],
    "aliases": [],
    "minimum-stability": "stable",
    "stability-flags": [],
    "prefer-stable": false,
    "prefer-lowest": false,
    "platform": [],
    "platform-dev": []
}
